
Microsoft Visual Studio Solution File, Format Version 12.00
# Visual Studio Version 16
VisualStudioVersion = 16.0.31005.135
MinimumVisualStudioVersion = 10.0.40219.1
Project("{FAE04EC0-301F-11D3-BF4B-00C04F79EFBC}") = "HAC-IN", "HAC-IN\HAC-IN.csproj", "{5E5E0500-998E-472E-AC16-F50C5016A019}"
EndProject
Global
	GlobalSection(SolutionConfigurationPlatforms) = preSolution
		Debug|Any CPU = Debug|Any CPU
		Release|Any CPU = Release|Any CPU
	EndGlobalSection
	GlobalSection(ProjectConfigurationPlatforms) = postSolution
		{5E5E0500-998E-472E-AC16-F50C5016A019}.Debug|Any CPU.ActiveCfg = Debug|Any CPU
		{5E5E0500-998E-472E-AC16-F50C5016A019}.Debug|Any CPU.Build.0 = Debug|Any CPU
		{5E5E0500-998E-472E-AC16-F50C5016A019}.Release|Any CPU.ActiveCfg = Release|Any CPU
		{5E5E0500-998E-472E-AC16-F50C5016A019}.Release|Any CPU.Build.0 = Release|Any CPU
	EndGlobalSection
	GlobalSection(SolutionProperties) = preSolution
		HideSolutionNode = FALSE
	EndGlobalSection
	GlobalSection(ExtensibilityGlobals) = postSolution
		SolutionGuid = {CC1CD95B-7AFC-4D19-9F4C-E756D4196CE6}
	EndGlobalSection
EndGlobal
